// !$*UTF8*$!
{
	archiveVersion = 1;
	classes = {
	};
	objectVersion = 56;
	objects = {

/* Begin PBXBuildFile section */
		428545EB29780C7D003C6B10 /* AppDelegate.swift in Sources */ = {isa = PBXBuildFile; fileRef = 428545EA29780C7D003C6B10 /* AppDelegate.swift */; };
		428545ED29780C7D003C6B10 /* SceneDelegate.swift in Sources */ = {isa = PBXBuildFile; fileRef = 428545EC29780C7D003C6B10 /* SceneDelegate.swift */; };
		428545F229780C7D003C6B10 /* Main.storyboard in Resources */ = {isa = PBXBuildFile; fileRef = 428545F029780C7D003C6B10 /* Main.storyboard */; };
		428545F429780C7F003C6B10 /* Assets.xcassets in Resources */ = {isa = PBXBuildFile; fileRef = 428545F329780C7F003C6B10 /* Assets.xcassets */; };
		428545F729780C7F003C6B10 /* LaunchScreen.storyboard in Resources */ = {isa = PBXBuildFile; fileRef = 428545F529780C7F003C6B10 /* LaunchScreen.storyboard */; };
		4285461F29781A30003C6B10 /* Chatt.swift in Sources */ = {isa = PBXBuildFile; fileRef = 4285461E29781A30003C6B10 /* Chatt.swift */; };
		4285462129781ACD003C6B10 /* ChattStore.swift in Sources */ = {isa = PBXBuildFile; fileRef = 4285462029781ACD003C6B10 /* ChattStore.swift */; };
		4285462929782004003C6B10 /* PostVC.swift in Sources */ = {isa = PBXBuildFile; fileRef = 4285462829782004003C6B10 /* PostVC.swift */; };
		4285462D29782724003C6B10 /* ChattTableCell.swift in Sources */ = {isa = PBXBuildFile; fileRef = 4285462C29782724003C6B10 /* ChattTableCell.swift */; };
		4285462F29782901003C6B10 /* MainVC.swift in Sources */ = {isa = PBXBuildFile; fileRef = 4285462E29782901003C6B10 /* MainVC.swift */; };
/* End PBXBuildFile section */

/* Begin PBXFileReference section */
		428545E729780C7D003C6B10 /* swiftChatter.app */ = {isa = PBXFileReference; explicitFileType = wrapper.application; includeInIndex = 0; path = swiftChatter.app; sourceTree = BUILT_PRODUCTS_DIR; };
		428545EA29780C7D003C6B10 /* AppDelegate.swift */ = {isa = PBXFileReference; lastKnownFileType = sourcecode.swift; path = AppDelegate.swift; sourceTree = "<group>"; };
		428545EC29780C7D003C6B10 /* SceneDelegate.swift */ = {isa = PBXFileReference; lastKnownFileType = sourcecode.swift; path = SceneDelegate.swift; sourceTree = "<group>"; };
		428545F129780C7D003C6B10 /* Base */ = {isa = PBXFileReference; lastKnownFileType = file.storyboard; name = Base; path = Base.lproj/Main.storyboard; sourceTree = "<group>"; };
		428545F329780C7F003C6B10 /* Assets.xcassets */ = {isa = PBXFileReference; lastKnownFileType = folder.assetcatalog; path = Assets.xcassets; sourceTree = "<group>"; };
		428545F629780C7F003C6B10 /* Base */ = {isa = PBXFileReference; lastKnownFileType = file.storyboard; name = Base; path = Base.lproj/LaunchScreen.storyboard; sourceTree = "<group>"; };
		428545F829780C7F003C6B10 /* Info.plist */ = {isa = PBXFileReference; lastKnownFileType = text.plist.xml; path = Info.plist; sourceTree = "<group>"; };
		4285461E29781A30003C6B10 /* Chatt.swift */ = {isa = PBXFileReference; lastKnownFileType = sourcecode.swift; path = Chatt.swift; sourceTree = "<group>"; };
		4285462029781ACD003C6B10 /* ChattStore.swift */ = {isa = PBXFileReference; lastKnownFileType = sourcecode.swift; path = ChattStore.swift; sourceTree = "<group>"; };
		4285462829782004003C6B10 /* PostVC.swift */ = {isa = PBXFileReference; fileEncoding = 4; lastKnownFileType = sourcecode.swift; path = PostVC.swift; sourceTree = "<group>"; };
		4285462C29782724003C6B10 /* ChattTableCell.swift */ = {isa = PBXFileReference; lastKnownFileType = sourcecode.swift; path = ChattTableCell.swift; sourceTree = "<group>"; };
		4285462E29782901003C6B10 /* MainVC.swift */ = {isa = PBXFileReference; lastKnownFileType = sourcecode.swift; path = MainVC.swift; sourceTree = "<group>"; };
/* End PBXFileReference section */

/* Begin PBXFrameworksBuildPhase section */
		428545E429780C7D003C6B10 /* Frameworks */ = {
			isa = PBXFrameworksBuildPhase;
			buildActionMask = 2147483647;
			files = (
			);
			runOnlyForDeploymentPostprocessing = 0;
		};
/* End PBXFrameworksBuildPhase section */

/* Begin PBXGroup section */
		428545DE29780C7D003C6B10 = {
			isa = PBXGroup;
			children = (
				428545E929780C7D003C6B10 /* swiftChatter */,
				428545E829780C7D003C6B10 /* Products */,
			);
			sourceTree = "<group>";
		};
		428545E829780C7D003C6B10 /* Products */ = {
			isa = PBXGroup;
			children = (
				428545E729780C7D003C6B10 /* swiftChatter.app */,
			);
			name = Products;
			sourceTree = "<group>";
		};
		428545E929780C7D003C6B10 /* swiftChatter */ = {
			isa = PBXGroup;
			children = (
				428545EA29780C7D003C6B10 /* AppDelegate.swift */,
				428545EC29780C7D003C6B10 /* SceneDelegate.swift */,
				428545F029780C7D003C6B10 /* Main.storyboard */,
				428545F329780C7F003C6B10 /* Assets.xcassets */,
				428545F529780C7F003C6B10 /* LaunchScreen.storyboard */,
				428545F829780C7F003C6B10 /* Info.plist */,
				4285462829782004003C6B10 /* PostVC.swift */,
				4285462029781ACD003C6B10 /* ChattStore.swift */,
				4285461E29781A30003C6B10 /* Chatt.swift */,
				4285462C29782724003C6B10 /* ChattTableCell.swift */,
				4285462E29782901003C6B10 /* MainVC.swift */,
			);
			path = swiftChatter;
			sourceTree = "<group>";
		};
/* End PBXGroup section */

/* Begin PBXNativeTarget section */
		428545E629780C7D003C6B10 /* swiftChatter */ = {
			isa = PBXNativeTarget;
			buildConfigurationList = 428545FB29780C7F003C6B10 /* Build configuration list for PBXNativeTarget "swiftChatter" */;
			buildPhases = (
				428545E329780C7D003C6B10 /* Sources */,
				428545E429780C7D003C6B10 /* Frameworks */,
				428545E529780C7D003C6B10 /* Resources */,
			);
			buildRules = (
			);
			dependencies = (
			);
			name = swiftChatter;
			productName = swiftChatter;
			productReference = 428545E729780C7D003C6B10 /* swiftChatter.app */;
			productType = "com.apple.product-type.application";
		};
/* End PBXNativeTarget section */

/* Begin PBXProject section */
		428545DF29780C7D003C6B10 /* Project object */ = {
			isa = PBXProject;
			attributes = {
				BuildIndependentTargetsInParallel = 1;
				LastSwiftUpdateCheck = 1420;
				LastUpgradeCheck = 1420;
				TargetAttributes = {
					428545E629780C7D003C6B10 = {
						CreatedOnToolsVersion = 14.2;
					};
				};
			};
			buildConfigurationList = 428545E229780C7D003C6B10 /* Build configuration list for PBXProject "swiftChatter" */;
			compatibilityVersion = "Xcode 14.0";
			developmentRegion = en;
			hasScannedForEncodings = 0;
			knownRegions = (
				en,
				Base,
			);
			mainGroup = 428545DE29780C7D003C6B10;
			productRefGroup = 428545E829780C7D003C6B10 /* Products */;
			projectDirPath = "";
			projectRoot = "";
			targets = (
				428545E629780C7D003C6B10 /* swiftChatter */,
			);
		};
/* End PBXProject section */

/* Begin PBXResourcesBuildPhase section */
		428545E529780C7D003C6B10 /* Resources */ = {
			isa = PBXResourcesBuildPhase;
			buildActionMask = 2147483647;
			files = (
				428545F729780C7F003C6B10 /* LaunchScreen.storyboard in Resources */,
				428545F429780C7F003C6B10 /* Assets.xcassets in Resources */,
				428545F229780C7D003C6B10 /* Main.storyboard in Resources */,
			);
			runOnlyForDeploymentPostprocessing = 0;
		};
/* End PBXResourcesBuildPhase section */

/* Begin PBXSourcesBuildPhase section */
		428545E329780C7D003C6B10 /* Sources */ = {
			isa = PBXSourcesBuildPhase;
			buildActionMask = 2147483647;
			files = (
				428545EB29780C7D003C6B10 /* AppDelegate.swift in Sources */,
				4285462D29782724003C6B10 /* ChattTableCell.swift in Sources */,
				4285461F29781A30003C6B10 /* Chatt.swift in Sources */,
				428545ED29780C7D003C6B10 /* SceneDelegate.swift in Sources */,
				4285462129781ACD003C6B10 /* ChattStore.swift in Sources */,
				4285462929782004003C6B10 /* PostVC.swift in Sources */,
				4285462F29782901003C6B10 /* MainVC.swift in Sources */,
			);
			runOnlyForDeploymentPostprocessing = 0;
		};
/* End PBXSourcesBuildPhase section */

/* Begin PBXVariantGroup section */
		428545F029780C7D003C6B10 /* Main.storyboard */ = {
			isa = PBXVariantGroup;
			children = (
				428545F129780C7D003C6B10 /* Base */,
			);
			name = Main.storyboard;
			sourceTree = "<group>";
		};
		428545F529780C7F003C6B10 /* LaunchScreen.storyboard */ = {
			isa = PBXVariantGroup;
			children = (
				428545F629780C7F003C6B10 /* Base */,
			);
			name = LaunchScreen.storyboard;
			sourceTree = "<group>";
		};
/* End PBXVariantGroup section */

/* Begin XCBuildConfiguration section */
		428545F929780C7F003C6B10 /* Debug */ = {
			isa = XCBuildConfiguration;
			buildSettings = {
				ALWAYS_SEARCH_USER_PATHS = NO;
				CLANG_ANALYZER_NONNULL = YES;
				CLANG_ANALYZER_NUMBER_OBJECT_CONVERSION = YES_AGGRESSIVE;
				CLANG_CXX_LANGUAGE_STANDARD = "gnu++20";
				CLANG_ENABLE_MODULES = YES;
				CLANG_ENABLE_OBJC_ARC = YES;
				CLANG_ENABLE_OBJC_WEAK = YES;
				CLANG_WARN_BLOCK_CAPTURE_AUTORELEASING = YES;
				CLANG_WARN_BOOL_CONVERSION = YES;
				CLANG_WARN_COMMA = YES;
				CLANG_WARN_CONSTANT_CONVERSION = YES;
				CLANG_WARN_DEPRECATED_OBJC_IMPLEMENTATIONS = YES;
				CLANG_WARN_DIRECT_OBJC_ISA_USAGE = YES_ERROR;
				CLANG_WARN_DOCUMENTATION_COMMENTS = YES;
				CLANG_WARN_EMPTY_BODY = YES;
				CLANG_WARN_ENUM_CONVERSION = YES;
				CLANG_WARN_INFINITE_RECURSION = YES;
				CLANG_WARN_INT_CONVERSION = YES;
				CLANG_WARN_NON_LITERAL_NULL_CONVERSION = YES;
				CLANG_WARN_OBJC_IMPLICIT_RETAIN_SELF = YES;
				CLANG_WARN_OBJC_LITERAL_CONVERSION = YES;
				CLANG_WARN_OBJC_ROOT_CLASS = YES_ERROR;
				CLANG_WARN_QUOTED_INCLUDE_IN_FRAMEWORK_HEADER = YES;
				CLANG_WARN_RANGE_LOOP_ANALYSIS = YES;
				CLANG_WARN_STRICT_PROTOTYPES = YES;
				CLANG_WARN_SUSPICIOUS_MOVE = YES;
				CLANG_WARN_UNGUARDED_AVAILABILITY = YES_AGGRESSIVE;
				CLANG_WARN_UNREACHABLE_CODE = YES;
				CLANG_WARN__DUPLICATE_METHOD_MATCH = YES;
				COPY_PHASE_STRIP = NO;
				DEBUG_INFORMATION_FORMAT = dwarf;
				ENABLE_STRICT_OBJC_MSGSEND = YES;
				ENABLE_TESTABILITY = YES;
				GCC_C_LANGUAGE_STANDARD = gnu11;
				GCC_DYNAMIC_NO_PIC = NO;
				GCC_NO_COMMON_BLOCKS = YES;
				GCC_OPTIMIZATION_LEVEL = 0;
				GCC_PREPROCESSOR_DEFINITIONS = (
					"DEBUG=1",
					"$(inherited)",
				);
				GCC_WARN_64_TO_32_BIT_CONVERSION = YES;
				GCC_WARN_ABOUT_RETURN_TYPE = YES_ERROR;
				GCC_WARN_UNDECLARED_SELECTOR = YES;
				GCC_WARN_UNINITIALIZED_AUTOS = YES_AGGRESSIVE;
				GCC_WARN_UNUSED_FUNCTION = YES;
				GCC_WARN_UNUSED_VARIABLE = YES;
				IPHONEOS_DEPLOYMENT_TARGET = 16.2;
				MTL_ENABLE_DEBUG_INFO = INCLUDE_SOURCE;
				MTL_FAST_MATH = YES;
				ONLY_ACTIVE_ARCH = YES;
				SDKROOT = iphoneos;
				SWIFT_ACTIVE_COMPILATION_CONDITIONS = DEBUG;
				SWIFT_OPTIMIZATION_LEVEL = "-Onone";
			};
			name = Debug;
		};
		428545FA29780C7F003C6B10 /* Release */ = {
			isa = XCBuildConfiguration;
			buildSettings = {
				ALWAYS_SEARCH_USER_PATHS = NO;
				CLANG_ANALYZER_NONNULL = YES;
				CLANG_ANALYZER_NUMBER_OBJECT_CONVERSION = YES_AGGRESSIVE;
				CLANG_CXX_LANGUAGE_STANDARD = "gnu++20";
				CLANG_ENABLE_MODULES = YES;
				CLANG_ENABLE_OBJC_ARC = YES;
				CLANG_ENABLE_OBJC_WEAK = YES;
				CLANG_WARN_BLOCK_CAPTURE_AUTORELEASING = YES;
				CLANG_WARN_BOOL_CONVERSION = YES;
				CLANG_WARN_COMMA = YES;
				CLANG_WARN_CONSTANT_CONVERSION = YES;
				CLANG_WARN_DEPRECATED_OBJC_IMPLEMENTATIONS = YES;
				CLANG_WARN_DIRECT_OBJC_ISA_USAGE = YES_ERROR;
				CLANG_WARN_DOCUMENTATION_COMMENTS = YES;
				CLANG_WARN_EMPTY_BODY = YES;
				CLANG_WARN_ENUM_CONVERSION = YES;
				CLANG_WARN_INFINITE_RECURSION = YES;
				CLANG_WARN_INT_CONVERSION = YES;
				CLANG_WARN_NON_LITERAL_NULL_CONVERSION = YES;
				CLANG_WARN_OBJC_IMPLICIT_RETAIN_SELF = YES;
				CLANG_WARN_OBJC_LITERAL_CONVERSION = YES;
				CLANG_WARN_OBJC_ROOT_CLASS = YES_ERROR;
				CLANG_WARN_QUOTED_INCLUDE_IN_FRAMEWORK_HEADER = YES;
				CLANG_WARN_RANGE_LOOP_ANALYSIS = YES;
				CLANG_WARN_STRICT_PROTOTYPES = YES;
				CLANG_WARN_SUSPICIOUS_MOVE = YES;
				CLANG_WARN_UNGUARDED_AVAILABILITY = YES_AGGRESSIVE;
				CLANG_WARN_UNREACHABLE_CODE = YES;
				CLANG_WARN__DUPLICATE_METHOD_MATCH = YES;
				COPY_PHASE_STRIP = NO;
				DEBUG_INFORMATION_FORMAT = "dwarf-with-dsym";
				ENABLE_NS_ASSERTIONS = NO;
				ENABLE_STRICT_OBJC_MSGSEND = YES;
				GCC_C_LANGUAGE_STANDARD = gnu11;
				GCC_NO_COMMON_BLOCKS = YES;
				GCC_WARN_64_TO_32_BIT_CONVERSION = YES;
				GCC_WARN_ABOUT_RETURN_TYPE = YES_ERROR;
				GCC_WARN_UNDECLARED_SELECTOR = YES;
				GCC_WARN_UNINITIALIZED_AUTOS = YES_AGGRESSIVE;
				GCC_WARN_UNUSED_FUNCTION = YES;
				GCC_WARN_UNUSED_VARIABLE = YES;
				IPHONEOS_DEPLOYMENT_TARGET = 16.2;
				MTL_ENABLE_DEBUG_INFO = NO;
				MTL_FAST_MATH = YES;
				SDKROOT = iphoneos;
				SWIFT_COMPILATION_MODE = wholemodule;
				SWIFT_OPTIMIZATION_LEVEL = "-O";
				VALIDATE_PRODUCT = YES;
			};
			name = Release;
		};
		428545FC29780C7F003C6B10 /* Debug */ = {
			isa = XCBuildConfiguration;
			buildSettings = {
				ASSETCATALOG_COMPILER_APPICON_NAME = AppIcon;
				ASSETCATALOG_COMPILER_GLOBAL_ACCENT_COLOR_NAME = AccentColor;
				CODE_SIGN_STYLE = Automatic;
				CURRENT_PROJECT_VERSION = 1;
				DEVELOPMENT_TEAM = 3QW93L936U;
				GENERATE_INFOPLIST_FILE = YES;
				INFOPLIST_FILE = swiftChatter/Info.plist;
				INFOPLIST_KEY_UIApplicationSupportsIndirectInputEvents = YES;
				INFOPLIST_KEY_UILaunchStoryboardName = LaunchScreen;
				INFOPLIST_KEY_UIMainStoryboardFile = Main;
				INFOPLIST_KEY_UISupportedInterfaceOrientations_iPad = "UIInterfaceOrientationPortrait UIInterfaceOrientationPortraitUpsideDown UIInterfaceOrientationLandscapeLeft UIInterfaceOrientationLandscapeRight";
				INFOPLIST_KEY_UISupportedInterfaceOrientations_iPhone = "UIInterfaceOrientationPortrait UIInterfaceOrientationLandscapeLeft UIInterfaceOrientationLandscapeRight";
				LD_RUNPATH_SEARCH_PATHS = (
					"$(inherited)",
					"@executable_path/Frameworks",
				);
				MARKETING_VERSION = 1.0;
				PRODUCT_BUNDLE_IDENTIFIER = edu.umich.zhihaoy.swiftChatter1;
				PRODUCT_NAME = "$(TARGET_NAME)";
				SUPPORTED_PLATFORMS = "iphoneos iphonesimulator";
				SUPPORTS_MACCATALYST = NO;
				SUPPORTS_MAC_DESIGNED_FOR_IPHONE_IPAD = NO;
				SWIFT_EMIT_LOC_STRINGS = YES;
				SWIFT_VERSION = 5.0;
				TARGETED_DEVICE_FAMILY = 1;
			};
			name = Debug;
		};
		428545FD29780C7F003C6B10 /* Release */ = {
			isa = XCBuildConfiguration;
			buildSettings = {
				ASSETCATALOG_COMPILER_APPICON_NAME = AppIcon;
				ASSETCATALOG_COMPILER_GLOBAL_ACCENT_COLOR_NAME = AccentColor;
				CODE_SIGN_STYLE = Automatic;
				CURRENT_PROJECT_VERSION = 1;
				DEVELOPMENT_TEAM = 3QW93L936U;
				GENERATE_INFOPLIST_FILE = YES;
				INFOPLIST_FILE = swiftChatter/Info.plist;
				INFOPLIST_KEY_UIApplicationSupportsIndirectInputEvents = YES;
				INFOPLIST_KEY_UILaunchStoryboardName = LaunchScreen;
				INFOPLIST_KEY_UIMainStoryboardFile = Main;
				INFOPLIST_KEY_UISupportedInterfaceOrientations_iPad = "UIInterfaceOrientationPortrait UIInterfaceOrientationPortraitUpsideDown UIInterfaceOrientationLandscapeLeft UIInterfaceOrientationLandscapeRight";
				INFOPLIST_KEY_UISupportedInterfaceOrientations_iPhone = "UIInterfaceOrientationPortrait UIInterfaceOrientationLandscapeLeft UIInterfaceOrientationLandscapeRight";
				LD_RUNPATH_SEARCH_PATHS = (
					"$(inherited)",
					"@executable_path/Frameworks",
				);
				MARKETING_VERSION = 1.0;
				PRODUCT_BUNDLE_IDENTIFIER = edu.umich.zhihaoy.swiftChatter1;
				PRODUCT_NAME = "$(TARGET_NAME)";
				SUPPORTED_PLATFORMS = "iphoneos iphonesimulator";
				SUPPORTS_MACCATALYST = NO;
				SUPPORTS_MAC_DESIGNED_FOR_IPHONE_IPAD = NO;
				SWIFT_EMIT_LOC_STRINGS = YES;
				SWIFT_VERSION = 5.0;
				TARGETED_DEVICE_FAMILY = 1;
			};
			name = Release;
		};
/* End XCBuildConfiguration section */

/* Begin XCConfigurationList section */
		428545E229780C7D003C6B10 /* Build configuration list for PBXProject "swiftChatter" */ = {
			isa = XCConfigurationList;
			buildConfigurations = (
				428545F929780C7F003C6B10 /* Debug */,
				428545FA29780C7F003C6B10 /* Release */,
			);
			defaultConfigurationIsVisible = 0;
			defaultConfigurationName = Release;
		};
		428545FB29780C7F003C6B10 /* Build configuration list for PBXNativeTarget "swiftChatter" */ = {
			isa = XCConfigurationList;
			buildConfigurations = (
				428545FC29780C7F003C6B10 /* Debug */,
				428545FD29780C7F003C6B10 /* Release */,
			);
			defaultConfigurationIsVisible = 0;
			defaultConfigurationName = Release;
		};
/* End XCConfigurationList section */
	};
	rootObject = 428545DF29780C7D003C6B10 /* Project object */;
}
